
Microsoft Visual Studio Solution File, Format Version 12.00
# Visual Studio 15
Project("{FAE04EC0-301F-11D3-BF4B-00C04F79EFBC}") = "OdeToFood", "OdeToFood\OdeToFood.csproj", "{0B2E0119-D12D-4138-8EC1-7A13C3498F38}"
EndProject
Project("{FAE04EC0-301F-11D3-BF4B-00C04F79EFBC}") = "OdeToFood.core", "OdeToFood.core\OdeToFood.core.csproj", "{71FA6688-9F99-46FF-9E22-3B031C7FFEAB}"
EndProject
Project("{FAE04EC0-301F-11D3-BF4B-00C04F79EFBC}") = "OdeToFood.Data", "OdeToFood.Data\OdeToFood.Data.csproj", "{C5AEDBAD-97E3-4B4F-8847-39B338E5A4EF}"
EndProject
Global
	GlobalSection(SolutionConfigurationPlatforms) = preSolution
		Debug|Any CPU = Debug|Any CPU
		Release|Any CPU = Release|Any CPU
	EndGlobalSection
	GlobalSection(ProjectConfigurationPlatforms) = postSolution
		{0B2E0119-D12D-4138-8EC1-7A13C3498F38}.Debug|Any CPU.ActiveCfg = Debug|Any CPU
		{0B2E0119-D12D-4138-8EC1-7A13C3498F38}.Debug|Any CPU.Build.0 = Debug|Any CPU
		{0B2E0119-D12D-4138-8EC1-7A13C3498F38}.Release|Any CPU.ActiveCfg = Release|Any CPU
		{0B2E0119-D12D-4138-8EC1-7A13C3498F38}.Release|Any CPU.Build.0 = Release|Any CPU
		{71FA6688-9F99-46FF-9E22-3B031C7FFEAB}.Debug|Any CPU.ActiveCfg = Debug|Any CPU
		{71FA6688-9F99-46FF-9E22-3B031C7FFEAB}.Debug|Any CPU.Build.0 = Debug|Any CPU
		{71FA6688-9F99-46FF-9E22-3B031C7FFEAB}.Release|Any CPU.ActiveCfg = Release|Any CPU
		{71FA6688-9F99-46FF-9E22-3B031C7FFEAB}.Release|Any CPU.Build.0 = Release|Any CPU
		{C5AEDBAD-97E3-4B4F-8847-39B338E5A4EF}.Debug|Any CPU.ActiveCfg = Debug|Any CPU
		{C5AEDBAD-97E3-4B4F-8847-39B338E5A4EF}.Debug|Any CPU.Build.0 = Debug|Any CPU
		{C5AEDBAD-97E3-4B4F-8847-39B338E5A4EF}.Release|Any CPU.ActiveCfg = Release|Any CPU
		{C5AEDBAD-97E3-4B4F-8847-39B338E5A4EF}.Release|Any CPU.Build.0 = Release|Any CPU
	EndGlobalSection
EndGlobal
